
Microsoft Visual Studio Solution File, Format Version 12.00
# Visual Studio Version 17
VisualStudioVersion = 17.11.35222.181
MinimumVisualStudioVersion = 10.0.40219.1
Project("{8BC9CEB8-8B4A-11D0-8D11-00A0C91BC942}") = "Laba7_task1", "Laba7_task1.vcxproj", "{B31533EF-3DF9-4A65-BD94-4E81F6E8341F}"
EndProject
Global
	GlobalSection(SolutionConfigurationPlatforms) = preSolution
		Debug|x64 = Debug|x64
		Debug|x86 = Debug|x86
		Release|x64 = Release|x64
		Release|x86 = Release|x86
	EndGlobalSection
	GlobalSection(ProjectConfigurationPlatforms) = postSolution
		{B31533EF-3DF9-4A65-BD94-4E81F6E8341F}.Debug|x64.ActiveCfg = Debug|x64
		{B31533EF-3DF9-4A65-BD94-4E81F6E8341F}.Debug|x64.Build.0 = Debug|x64
		{B31533EF-3DF9-4A65-BD94-4E81F6E8341F}.Debug|x86.ActiveCfg = Debug|Win32
		{B31533EF-3DF9-4A65-BD94-4E81F6E8341F}.Debug|x86.Build.0 = Debug|Win32
		{B31533EF-3DF9-4A65-BD94-4E81F6E8341F}.Release|x64.ActiveCfg = Release|x64
		{B31533EF-3DF9-4A65-BD94-4E81F6E8341F}.Release|x64.Build.0 = Release|x64
		{B31533EF-3DF9-4A65-BD94-4E81F6E8341F}.Release|x86.ActiveCfg = Release|Win32
		{B31533EF-3DF9-4A65-BD94-4E81F6E8341F}.Release|x86.Build.0 = Release|Win32
	EndGlobalSection
	GlobalSection(SolutionProperties) = preSolution
		HideSolutionNode = FALSE
	EndGlobalSection
	GlobalSection(ExtensibilityGlobals) = postSolution
		SolutionGuid = {AB065EDB-B85D-48FB-B44A-B601F3E6E275}
	EndGlobalSection
EndGlobal
